
Microsoft Visual Studio Solution File, Format Version 12.00
# Visual Studio 15
VisualStudioVersion = 15.0.28307.421
MinimumVisualStudioVersion = 10.0.40219.1
Project("{FAE04EC0-301F-11D3-BF4B-00C04F79EFBC}") = "Store Manager", "Store Manager\Store Manager.csproj", "{9648C22B-C8E6-418F-B270-06E8B354157A}"
EndProject
Global
	GlobalSection(SolutionConfigurationPlatforms) = preSolution
		Debug|Any CPU = Debug|Any CPU
		Release|Any CPU = Release|Any CPU
	EndGlobalSection
	GlobalSection(ProjectConfigurationPlatforms) = postSolution
		{9648C22B-C8E6-418F-B270-06E8B354157A}.Debug|Any CPU.ActiveCfg = Debug|Any CPU
		{9648C22B-C8E6-418F-B270-06E8B354157A}.Debug|Any CPU.Build.0 = Debug|Any CPU
		{9648C22B-C8E6-418F-B270-06E8B354157A}.Release|Any CPU.ActiveCfg = Release|Any CPU
		{9648C22B-C8E6-418F-B270-06E8B354157A}.Release|Any CPU.Build.0 = Release|Any CPU
	EndGlobalSection
	GlobalSection(SolutionProperties) = preSolution
		HideSolutionNode = FALSE
	EndGlobalSection
	GlobalSection(ExtensibilityGlobals) = postSolution
		SolutionGuid = {FA5DF085-8AF6-4313-A8E1-B3FE241E5A09}
	EndGlobalSection
EndGlobal
